// !$*UTF8*$!
{
	archiveVersion = 1;
	classes = {
	};
	objectVersion = 77;
	objects = {

/* Begin PBXFileReference section */
		9B6682BB2FCDA6EB00EC46E4 /* Papaya.app */ = {isa = PBXFileReference; explicitFileType = wrapper.application; includeInIndex = 0; path = Papaya.app; sourceTree = BUILT_PRODUCTS_DIR; };
/* End PBXFileReference section */

/* Begin PBXFileSystemSynchronizedBuildFileExceptionSet section */
		F1FFF6732FCF1A2700E66EA4 /* Exceptions for "Papaya" folder in "Papaya" target */ = {
			isa = PBXFileSystemSynchronizedBuildFileExceptionSet;
			membershipExceptions = (
				Info.plist,
			);
			target = 9B6682BA2FCDA6EB00EC46E4 /* Papaya */;
		};
/* End PBXFileSystemSynchronizedBuildFileExceptionSet section */

/* Begin PBXFileSystemSynchronizedRootGroup section */
		9B6682BD2FCDA6EB00EC46E4 /* Papaya */ = {
			isa = PBXFileSystemSynchronizedRootGroup;
			exceptions = (
				F1FFF6732FCF1A2700E66EA4 /* Exceptions for "Papaya" folder in "Papaya" target */,
			);
			path = Papaya;
			sourceTree = "<group>";
		};
/* End PBXFileSys
